{
  "name": "testapp",
  "version": "1.0.0",
  "lockfileVersion": 1,
  "requires": true,
  "dependencies": {
    "wm-feature-flag-client": {
      "version": "file:../wm-feature-flag-client",
      "requires": {
        "@types/node": "^13.9.2",
        "@types/uuid": "^7.0.2",
        "uuid": "^7.0.2",
        "winston": "^3.2.1"
      }
    }
  }
}
